
Microsoft Visual Studio Solution File, Format Version 12.00
# Visual Studio Version 17
VisualStudioVersion = 17.13.35913.81 d17.13
MinimumVisualStudioVersion = 10.0.40219.1
Project("{FAE04EC0-301F-11D3-BF4B-00C04F79EFBC}") = "Logica fuzzy subimarino", "Logica fuzzy subimarino\Logica fuzzy subimarino.csproj", "{162248BC-A66C-4F65-98AB-271F51E2866D}"
EndProject
Global
	GlobalSection(SolutionConfigurationPlatforms) = preSolution
		Debug|Any CPU = Debug|Any CPU
		Release|Any CPU = Release|Any CPU
	EndGlobalSection
	GlobalSection(ProjectConfigurationPlatforms) = postSolution
		{162248BC-A66C-4F65-98AB-271F51E2866D}.Debug|Any CPU.ActiveCfg = Debug|Any CPU
		{162248BC-A66C-4F65-98AB-271F51E2866D}.Debug|Any CPU.Build.0 = Debug|Any CPU
		{162248BC-A66C-4F65-98AB-271F51E2866D}.Release|Any CPU.ActiveCfg = Release|Any CPU
		{162248BC-A66C-4F65-98AB-271F51E2866D}.Release|Any CPU.Build.0 = Release|Any CPU
	EndGlobalSection
	GlobalSection(SolutionProperties) = preSolution
		HideSolutionNode = FALSE
	EndGlobalSection
	GlobalSection(ExtensibilityGlobals) = postSolution
		SolutionGuid = {31D9A1E9-158D-4024-BF1C-1A8C17974158}
	EndGlobalSection
EndGlobal
